dependencies:
- name: ingress-nginx
  repository: https://kubernetes.github.io/ingress-nginx
  version: 4.10.1
- name: supaplus
  repository: https://supafull.github.io/helm-charts
  version: 0.0.5
- name: common
  repository: https://charts.bitnami.com/bitnami
  version: 2.19.2
digest: sha256:7a385a03c510d88f9e79705902c5661f295ff84dc0c4ce6f2051db2af8b396f7
generated: "2024-05-09T16:56:42.521318218+08:00"
